
Microsoft Visual Studio Solution File, Format Version 11.00
# Visual Studio 2010
Project("{FAE04EC0-301F-11D3-BF4B-00C04F79EFBC}") = "ETourPro", "ETourPro\ETourPro.csproj", "{B891C5C5-7E87-4A07-A9B9-DEFC46E8AA4D}"
EndProject
Project("{FAE04EC0-301F-11D3-BF4B-00C04F79EFBC}") = "Core", "..\Core\Core.csproj", "{6F97C2F4-1727-4AD6-83A9-473126123949}"
EndProject
Project("{FAE04EC0-301F-11D3-BF4B-00C04F79EFBC}") = "DataAccess", "..\DataAccess\DataAccess.csproj", "{E059F373-0BEE-4E0A-8498-3E95DB1887EB}"
EndProject
Global
	GlobalSection(SolutionConfigurationPlatforms) = preSolution
		Debug|Any CPU = Debug|Any CPU
		Debug|Mixed Platforms = Debug|Mixed Platforms
		Debug|x86 = Debug|x86
		Release|Any CPU = Release|Any CPU
		Release|Mixed Platforms = Release|Mixed Platforms
		Release|x86 = Release|x86
	EndGlobalSection
	GlobalSection(ProjectConfigurationPlatforms) = postSolution
		{B891C5C5-7E87-4A07-A9B9-DEFC46E8AA4D}.Debug|Any CPU.ActiveCfg = Debug|x86
		{B891C5C5-7E87-4A07-A9B9-DEFC46E8AA4D}.Debug|Mixed Platforms.ActiveCfg = Debug|x86
		{B891C5C5-7E87-4A07-A9B9-DEFC46E8AA4D}.Debug|Mixed Platforms.Build.0 = Debug|x86
		{B891C5C5-7E87-4A07-A9B9-DEFC46E8AA4D}.Debug|x86.ActiveCfg = Debug|x86
		{B891C5C5-7E87-4A07-A9B9-DEFC46E8AA4D}.Debug|x86.Build.0 = Debug|x86
		{B891C5C5-7E87-4A07-A9B9-DEFC46E8AA4D}.Release|Any CPU.ActiveCfg = Release|x86
		{B891C5C5-7E87-4A07-A9B9-DEFC46E8AA4D}.Release|Mixed Platforms.ActiveCfg = Release|x86
		{B891C5C5-7E87-4A07-A9B9-DEFC46E8AA4D}.Release|Mixed Platforms.Build.0 = Release|x86
		{B891C5C5-7E87-4A07-A9B9-DEFC46E8AA4D}.Release|x86.ActiveCfg = Release|x86
		{B891C5C5-7E87-4A07-A9B9-DEFC46E8AA4D}.Release|x86.Build.0 = Release|x86
		{6F97C2F4-1727-4AD6-83A9-473126123949}.Debug|Any CPU.ActiveCfg = Debug|Any CPU
		{6F97C2F4-1727-4AD6-83A9-473126123949}.Debug|Any CPU.Build.0 = Debug|Any CPU
		{6F97C2F4-1727-4AD6-83A9-473126123949}.Debug|Mixed Platforms.ActiveCfg = Debug|Any CPU
		{6F97C2F4-1727-4AD6-83A9-473126123949}.Debug|Mixed Platforms.Build.0 = Debug|Any CPU
		{6F97C2F4-1727-4AD6-83A9-473126123949}.Debug|x86.ActiveCfg = Debug|Any CPU
		{6F97C2F4-1727-4AD6-83A9-473126123949}.Release|Any CPU.ActiveCfg = Release|Any CPU
		{6F97C2F4-1727-4AD6-83A9-473126123949}.Release|Any CPU.Build.0 = Release|Any CPU
		{6F97C2F4-1727-4AD6-83A9-473126123949}.Release|Mixed Platforms.ActiveCfg = Release|Any CPU
		{6F97C2F4-1727-4AD6-83A9-473126123949}.Release|Mixed Platforms.Build.0 = Release|Any CPU
		{6F97C2F4-1727-4AD6-83A9-473126123949}.Release|x86.ActiveCfg = Release|Any CPU
		{E059F373-0BEE-4E0A-8498-3E95DB1887EB}.Debug|Any CPU.ActiveCfg = Debug|Any CPU
		{E059F373-0BEE-4E0A-8498-3E95DB1887EB}.Debug|Any CPU.Build.0 = Debug|Any CPU
		{E059F373-0BEE-4E0A-8498-3E95DB1887EB}.Debug|Mixed Platforms.ActiveCfg = Debug|Any CPU
		{E059F373-0BEE-4E0A-8498-3E95DB1887EB}.Debug|Mixed Platforms.Build.0 = Debug|Any CPU
		{E059F373-0BEE-4E0A-8498-3E95DB1887EB}.Debug|x86.ActiveCfg = Debug|Any CPU
		{E059F373-0BEE-4E0A-8498-3E95DB1887EB}.Release|Any CPU.ActiveCfg = Release|Any CPU
		{E059F373-0BEE-4E0A-8498-3E95DB1887EB}.Release|Any CPU.Build.0 = Release|Any CPU
		{E059F373-0BEE-4E0A-8498-3E95DB1887EB}.Release|Mixed Platforms.ActiveCfg = Release|Any CPU
		{E059F373-0BEE-4E0A-8498-3E95DB1887EB}.Release|Mixed Platforms.Build.0 = Release|Any CPU
		{E059F373-0BEE-4E0A-8498-3E95DB1887EB}.Release|x86.ActiveCfg = Release|Any CPU
	EndGlobalSection
	GlobalSection(SolutionProperties) = preSolution
		HideSolutionNode = FALSE
	EndGlobalSection
EndGlobal
